
Microsoft Visual Studio Solution File, Format Version 12.00
# Visual Studio 14
VisualStudioVersion = 14.0.23107.0
MinimumVisualStudioVersion = 10.0.40219.1
Project("{FAE04EC0-301F-11D3-BF4B-00C04F79EFBC}") = "Proj4Net", "Proj4Net\Proj4Net.csproj", "{1E0E88AB-3FE5-4F8F-8CD7-0266C27B7EF4}"
EndProject
Project("{FAE04EC0-301F-11D3-BF4B-00C04F79EFBC}") = "Proj4Net.Tests", "Proj4Net.Tests\Proj4Net.Tests.csproj", "{BF51F808-13A3-44E6-8F74-20686AFAEA76}"
EndProject
Global
	GlobalSection(SolutionConfigurationPlatforms) = preSolution
		Debug|Any CPU = Debug|Any CPU
		Release|Any CPU = Release|Any CPU
	EndGlobalSection
	GlobalSection(ProjectConfigurationPlatforms) = postSolution
		{1E0E88AB-3FE5-4F8F-8CD7-0266C27B7EF4}.Debug|Any CPU.ActiveCfg = Debug|Any CPU
		{1E0E88AB-3FE5-4F8F-8CD7-0266C27B7EF4}.Debug|Any CPU.Build.0 = Debug|Any CPU
		{1E0E88AB-3FE5-4F8F-8CD7-0266C27B7EF4}.Release|Any CPU.ActiveCfg = Release|Any CPU
		{1E0E88AB-3FE5-4F8F-8CD7-0266C27B7EF4}.Release|Any CPU.Build.0 = Release|Any CPU
		{BF51F808-13A3-44E6-8F74-20686AFAEA76}.Debug|Any CPU.ActiveCfg = Debug|Any CPU
		{BF51F808-13A3-44E6-8F74-20686AFAEA76}.Debug|Any CPU.Build.0 = Debug|Any CPU
		{BF51F808-13A3-44E6-8F74-20686AFAEA76}.Release|Any CPU.ActiveCfg = Release|Any CPU
		{BF51F808-13A3-44E6-8F74-20686AFAEA76}.Release|Any CPU.Build.0 = Release|Any CPU
	EndGlobalSection
	GlobalSection(SolutionProperties) = preSolution
		HideSolutionNode = FALSE
	EndGlobalSection
EndGlobal
